// !$*UTF8*$!
{
	archiveVersion = 1;
	classes = {
	};
	objectVersion = 46;
	objects = {

/* Begin PBXBuildFile section */
		83C824071AF7D2CB00C4E746 /* main.m in Sources */ = {isa = PBXBuildFile; fileRef = 83C824061AF7D2CB00C4E746 /* main.m */; };
		83C8240A1AF7D2CB00C4E746 /* AppDelegate.m in Sources */ = {isa = PBXBuildFile; fileRef = 83C824091AF7D2CB00C4E746 /* AppDelegate.m */; };
		83C8240D1AF7D2CB00C4E746 /* ViewController.m in Sources */ = {isa = PBXBuildFile; fileRef = 83C8240C1AF7D2CB00C4E746 /* ViewController.m */; };
		83C824101AF7D2CB00C4E746 /* Main.storyboard in Resources */ = {isa = PBXBuildFile; fileRef = 83C8240E1AF7D2CB00C4E746 /* Main.storyboard */; };
		83C824121AF7D2CB00C4E746 /* Images.xcassets in Resources */ = {isa = PBXBuildFile; fileRef = 83C824111AF7D2CB00C4E746 /* Images.xcassets */; };
		83C824151AF7D2CB00C4E746 /* LaunchScreen.xib in Resources */ = {isa = PBXBuildFile; fileRef = 83C824131AF7D2CB00C4E746 /* LaunchScreen.xib */; };
		83C824211AF7D2CB00C4E746 /* BBTestMissingSemicolonTests.m in Sources */ = {isa = PBXBuildFile; fileRef = 83C824201AF7D2CB00C4E746 /* BBTestMissingSemicolonTests.m */; };
/* End PBXBuildFile section */

/* Begin PBXContainerItemProxy section */
		83C8241B1AF7D2CB00C4E746 /* PBXContainerItemProxy */ = {
			isa = PBXContainerItemProxy;
			containerPortal = 83C823F91AF7D2CB00C4E746 /* Project object */;
			proxyType = 1;
			remoteGlobalIDString = 83C824001AF7D2CB00C4E746;
			remoteInfo = BBTestMissingSemicolon;
		};
/* End PBXContainerItemProxy section */

/* Begin PBXFileReference section */
		83C824011AF7D2CB00C4E746 /* BBTestMissingSemicolon.app */ = {isa = PBXFileReference; explicitFileType = wrapper.application; includeInIndex = 0; path = BBTestMissingSemicolon.app; sourceTree = BUILT_PRODUCTS_DIR; };
		83C824051AF7D2CB00C4E746 /* Info.plist */ = {isa = PBXFileReference; lastKnownFileType = text.plist.xml; path = Info.plist; sourceTree = "<group>"; };
		83C824061AF7D2CB00C4E746 /* main.m */ = {isa = PBXFileReference; lastKnownFileType = sourcecode.c.objc; path = main.m; sourceTree = "<group>"; };
		83C824081AF7D2CB00C4E746 /* AppDelegate.h */ = {isa = PBXFileReference; lastKnownFileType = sourcecode.c.h; path = AppDelegate.h; sourceTree = "<group>"; };
		83C824091AF7D2CB00C4E746 /* AppDelegate.m */ = {isa = PBXFileReference; lastKnownFileType = sourcecode.c.objc; path = AppDelegate.m; sourceTree = "<group>"; };
		83C8240B1AF7D2CB00C4E746 /* ViewController.h */ = {isa = PBXFileReference; lastKnownFileType = sourcecode.c.h; path = ViewController.h; sourceTree = "<group>"; };
		83C8240C1AF7D2CB00C4E746 /* ViewController.m */ = {isa = PBXFileReference; lastKnownFileType = sourcecode.c.objc; path = ViewController.m; sourceTree = "<group>"; };
		83C8240F1AF7D2CB00C4E746 /* Base */ = {isa = PBXFileReference; lastKnownFileType = file.storyboard; name = Base; path = Base.lproj/Main.storyboard; sourceTree = "<group>"; };
		83C824111AF7D2CB00C4E746 /* Images.xcassets */ = {isa = PBXFileReference; lastKnownFileType = folder.assetcatalog; path = Images.xcassets; sourceTree = "<group>"; };
		83C824141AF7D2CB00C4E746 /* Base */ = {isa = PBXFileReference; lastKnownFileType = file.xib; name = Base; path = Base.lproj/LaunchScreen.xib; sourceTree = "<group>"; };
		83C8241A1AF7D2CB00C4E746 /* BBTestMissingSemicolonTests.xctest */ = {isa = PBXFileReference; explicitFileType = wrapper.cfbundle; includeInIndex = 0; path = BBTestMissingSemicolonTests.xctest; sourceTree = BUILT_PRODUCTS_DIR; };
		83C8241F1AF7D2CB00C4E746 /* Info.plist */ = {isa = PBXFileReference; lastKnownFileType = text.plist.xml; path = Info.plist; sourceTree = "<group>"; };
		83C824201AF7D2CB00C4E746 /* BBTestMissingSemicolonTests.m */ = {isa = PBXFileReference; lastKnownFileType = sourcecode.c.objc; path = BBTestMissingSemicolonTests.m; sourceTree = "<group>"; };
/* End PBXFileReference section */

/* Begin PBXFrameworksBuildPhase section */
		83C823FE1AF7D2CB00C4E746 /* Frameworks */ = {
			isa = PBXFrameworksBuildPhase;
			buildActionMask = 2147483647;
			files = (
			);
			runOnlyForDeploymentPostprocessing = 0;
		};
		83C824171AF7D2CB00C4E746 /* Frameworks */ = {
			isa = PBXFrameworksBuildPhase;
			buildActionMask = 2147483647;
			files = (
			);
			runOnlyForDeploymentPostprocessing = 0;
		};
/* End PBXFrameworksBuildPhase section */

/* Begin PBXGroup section */
		83C823F81AF7D2CB00C4E746 = {
			isa = PBXGroup;
			children = (
				83C824031AF7D2CB00C4E746 /* BBTestMissingSemicolon */,
				83C8241D1AF7D2CB00C4E746 /* BBTestMissingSemicolonTests */,
				83C824021AF7D2CB00C4E746 /* Products */,
			);
			sourceTree = "<group>";
		};
		83C824021AF7D2CB00C4E746 /* Products */ = {
			isa = PBXGroup;
			children = (
				83C824011AF7D2CB00C4E746 /* BBTestMissingSemicolon.app */,
				83C8241A1AF7D2CB00C4E746 /* BBTestMissingSemicolonTests.xctest */,
			);
			name = Products;
			sourceTree = "<group>";
		};
		83C824031AF7D2CB00C4E746 /* BBTestMissingSemicolon */ = {
			isa = PBXGroup;
			children = (
				83C824081AF7D2CB00C4E746 /* AppDelegate.h */,
				83C824091AF7D2CB00C4E746 /* AppDelegate.m */,
				83C8240B1AF7D2CB00C4E746 /* ViewController.h */,
				83C8240C1AF7D2CB00C4E746 /* ViewController.m */,
				83C8240E1AF7D2CB00C4E746 /* Main.storyboard */,
				83C824111AF7D2CB00C4E746 /* Images.xcassets */,
				83C824131AF7D2CB00C4E746 /* LaunchScreen.xib */,
				83C824041AF7D2CB00C4E746 /* Supporting Files */,
			);
			path = BBTestMissingSemicolon;
			sourceTree = "<group>";
		};
		83C824041AF7D2CB00C4E746 /* Supporting Files */ = {
			isa = PBXGroup;
			children = (
				83C824051AF7D2CB00C4E746 /* Info.plist */,
				83C824061AF7D2CB00C4E746 /* main.m */,
			);
			name = "Supporting Files";
			sourceTree = "<group>";
		};
		83C8241D1AF7D2CB00C4E746 /* BBTestMissingSemicolonTests */ = {
			isa = PBXGroup;
			children = (
				83C824201AF7D2CB00C4E746 /* BBTestMissingSemicolonTests.m */,
				83C8241E1AF7D2CB00C4E746 /* Supporting Files */,
			);
			path = BBTestMissingSemicolonTests;
			sourceTree = "<group>";
		};
		83C8241E1AF7D2CB00C4E746 /* Supporting Files */ = {
			isa = PBXGroup;
			children = (
				83C8241F1AF7D2CB00C4E746 /* Info.plist */,
			);
			name = "Supporting Files";
			sourceTree = "<group>";
		};
/* End PBXGroup section */

/* Begin PBXNativeTarget section */
		83C824001AF7D2CB00C4E746 /* BBTestMissingSemicolon */ = {
			isa = PBXNativeTarget;
			buildConfigurationList = 83C824241AF7D2CB00C4E746 /* Build configuration list for PBXNativeTarget "BBTestMissingSemicolon" */;
			buildPhases = (
				83C823FD1AF7D2CB00C4E746 /* Sources */,
				83C823FE1AF7D2CB00C4E746 /* Frameworks */,
				83C823FF1AF7D2CB00C4E746 /* Resources */,
			);
			buildRules = (
			);
			dependencies = (
			);
			name = BBTestMissingSemicolon;
			productName = BBTestMissingSemicolon;
			productReference = 83C824011AF7D2CB00C4E746 /* BBTestMissingSemicolon.app */;
			productType = "com.apple.product-type.application";
		};
		83C824191AF7D2CB00C4E746 /* BBTestMissingSemicolonTests */ = {
			isa = PBXNativeTarget;
			buildConfigurationList = 83C824271AF7D2CB00C4E746 /* Build configuration list for PBXNativeTarget "BBTestMissingSemicolonTests" */;
			buildPhases = (
				83C824161AF7D2CB00C4E746 /* Sources */,
				83C824171AF7D2CB00C4E746 /* Frameworks */,
				83C824181AF7D2CB00C4E746 /* Resources */,
			);
			buildRules = (
			);
			dependencies = (
				83C8241C1AF7D2CB00C4E746 /* PBXTargetDependency */,
			);
			name = BBTestMissingSemicolonTests;
			productName = BBTestMissingSemicolonTests;
			productReference = 83C8241A1AF7D2CB00C4E746 /* BBTestMissingSemicolonTests.xctest */;
			productType = "com.apple.product-type.bundle.unit-test";
		};
/* End PBXNativeTarget section */

/* Begin PBXProject section */
		83C823F91AF7D2CB00C4E746 /* Project object */ = {
			isa = PBXProject;
			attributes = {
				LastUpgradeCheck = 0630;
				ORGANIZATIONNAME = BB;
				TargetAttributes = {
					83C824001AF7D2CB00C4E746 = {
						CreatedOnToolsVersion = 6.3;
					};
					83C824191AF7D2CB00C4E746 = {
						CreatedOnToolsVersion = 6.3;
						TestTargetID = 83C824001AF7D2CB00C4E746;
					};
				};
			};
			buildConfigurationList = 83C823FC1AF7D2CB00C4E746 /* Build configuration list for PBXProject "BBTestMissingSemicolon" */;
			compatibilityVersion = "Xcode 3.2";
			developmentRegion = English;
			hasScannedForEncodings = 0;
			knownRegions = (
				en,
				Base,
			);
			mainGroup = 83C823F81AF7D2CB00C4E746;
			productRefGroup = 83C824021AF7D2CB00C4E746 /* Products */;
			projectDirPath = "";
			projectRoot = "";
			targets = (
				83C824001AF7D2CB00C4E746 /* BBTestMissingSemicolon */,
				83C824191AF7D2CB00C4E746 /* BBTestMissingSemicolonTests */,
			);
		};
/* End PBXProject section */

/* Begin PBXResourcesBuildPhase section */
		83C823FF1AF7D2CB00C4E746 /* Resources */ = {
			isa = PBXResourcesBuildPhase;
			buildActionMask = 2147483647;
			files = (
				83C824101AF7D2CB00C4E746 /* Main.storyboard in Resources */,
				83C824151AF7D2CB00C4E746 /* LaunchScreen.xib in Resources */,
				83C824121AF7D2CB00C4E746 /* Images.xcassets in Resources */,
			);
			runOnlyForDeploymentPostprocessing = 0;
		};
		83C824181AF7D2CB00C4E746 /* Resources */ = {
			isa = PBXResourcesBuildPhase;
			buildActionMask = 2147483647;
			files = (
			);
			runOnlyForDeploymentPostprocessing = 0;
		};
/* End PBXResourcesBuildPhase section */

/* Begin PBXSourcesBuildPhase section */
		83C823FD1AF7D2CB00C4E746 /* Sources */ = {
			isa = PBXSourcesBuildPhase;
			buildActionMask = 2147483647;
			files = (
				83C8240D1AF7D2CB00C4E746 /* ViewController.m in Sources */,
				83C8240A1AF7D2CB00C4E746 /* AppDelegate.m in Sources */,
				83C824071AF7D2CB00C4E746 /* main.m in Sources */,
			);
			runOnlyForDeploymentPostprocessing = 0;
		};
		83C824161AF7D2CB00C4E746 /* Sources */ = {
			isa = PBXSourcesBuildPhase;
			buildActionMask = 2147483647;
			files = (
				83C824211AF7D2CB00C4E746 /* BBTestMissingSemicolonTests.m in Sources */,
			);
			runOnlyForDeploymentPostprocessing = 0;
		};
/* End PBXSourcesBuildPhase section */

/* Begin PBXTargetDependency section */
		83C8241C1AF7D2CB00C4E746 /* PBXTargetDependency */ = {
			isa = PBXTargetDependency;
			target = 83C824001AF7D2CB00C4E746 /* BBTestMissingSemicolon */;
			targetProxy = 83C8241B1AF7D2CB00C4E746 /* PBXContainerItemProxy */;
		};
/* End PBXTargetDependency section */

/* Begin PBXVariantGroup section */
		83C8240E1AF7D2CB00C4E746 /* Main.storyboard */ = {
			isa = PBXVariantGroup;
			children = (
				83C8240F1AF7D2CB00C4E746 /* Base */,
			);
			name = Main.storyboard;
			sourceTree = "<group>";
		};
		83C824131AF7D2CB00C4E746 /* LaunchScreen.xib */ = {
			isa = PBXVariantGroup;
			children = (
				83C824141AF7D2CB00C4E746 /* Base */,
			);
			name = LaunchScreen.xib;
			sourceTree = "<group>";
		};
/* End PBXVariantGroup section */

/* Begin XCBuildConfiguration section */
		83C824221AF7D2CB00C4E746 /* Debug */ = {
			isa = XCBuildConfiguration;
			buildSettings = {
				ALWAYS_SEARCH_USER_PATHS = NO;
				CLANG_CXX_LANGUAGE_STANDARD = "gnu++0x";
				CLANG_CXX_LIBRARY = "libc++";
				CLANG_ENABLE_MODULES = YES;
				CLANG_ENABLE_OBJC_ARC = YES;
				CLANG_WARN_BOOL_CONVERSION = YES;
				CLANG_WARN_CONSTANT_CONVERSION = YES;
				CLANG_WARN_DIRECT_OBJC_ISA_USAGE = YES_ERROR;
				CLANG_WARN_EMPTY_BODY = YES;
				CLANG_WARN_ENUM_CONVERSION = YES;
				CLANG_WARN_INT_CONVERSION = YES;
				CLANG_WARN_OBJC_ROOT_CLASS = YES_ERROR;
				CLANG_WARN_UNREACHABLE_CODE = YES;
				CLANG_WARN__DUPLICATE_METHOD_MATCH = YES;
				"CODE_SIGN_IDENTITY[sdk=iphoneos*]" = "iPhone Developer";
				COPY_PHASE_STRIP = NO;
				DEBUG_INFORMATION_FORMAT = "dwarf-with-dsym";
				ENABLE_STRICT_OBJC_MSGSEND = YES;
				GCC_C_LANGUAGE_STANDARD = gnu99;
				GCC_DYNAMIC_NO_PIC = NO;
				GCC_NO_COMMON_BLOCKS = YES;
				GCC_OPTIMIZATION_LEVEL = 0;
				GCC_PREPROCESSOR_DEFINITIONS = (
					"DEBUG=1",
					"$(inherited)",
				);
				GCC_SYMBOLS_PRIVATE_EXTERN = NO;
				GCC_WARN_64_TO_32_BIT_CONVERSION = YES;
				GCC_WARN_ABOUT_RETURN_TYPE = YES_ERROR;
				GCC_WARN_UNDECLARED_SELECTOR = YES;
				GCC_WARN_UNINITIALIZED_AUTOS = YES_AGGRESSIVE;
				GCC_WARN_UNUSED_FUNCTION = YES;
				GCC_WARN_UNUSED_VARIABLE = YES;
				IPHONEOS_DEPLOYMENT_TARGET = 8.3;
				MTL_ENABLE_DEBUG_INFO = YES;
				ONLY_ACTIVE_ARCH = YES;
				SDKROOT = iphoneos;
			};
			name = Debug;
		};
		83C824231AF7D2CB00C4E746 /* Release */ = {
			isa = XCBuildConfiguration;
			buildSettings = {
				ALWAYS_SEARCH_USER_PATHS = NO;
				CLANG_CXX_LANGUAGE_STANDARD = "gnu++0x";
				CLANG_CXX_LIBRARY = "libc++";
				CLANG_ENABLE_MODULES = YES;
				CLANG_ENABLE_OBJC_ARC = YES;
				CLANG_WARN_BOOL_CONVERSION = YES;
				CLANG_WARN_CONSTANT_CONVERSION = YES;
				CLANG_WARN_DIRECT_OBJC_ISA_USAGE = YES_ERROR;
				CLANG_WARN_EMPTY_BODY = YES;
				CLANG_WARN_ENUM_CONVERSION = YES;
				CLANG_WARN_INT_CONVERSION = YES;
				CLANG_WARN_OBJC_ROOT_CLASS = YES_ERROR;
				CLANG_WARN_UNREACHABLE_CODE = YES;
				CLANG_WARN__DUPLICATE_METHOD_MATCH = YES;
				"CODE_SIGN_IDENTITY[sdk=iphoneos*]" = "iPhone Developer";
				COPY_PHASE_STRIP = NO;
				DEBUG_INFORMATION_FORMAT = "dwarf-with-dsym";
				ENABLE_NS_ASSERTIONS = NO;
				ENABLE_STRICT_OBJC_MSGSEND = YES;
				GCC_C_LANGUAGE_STANDARD = gnu99;
				GCC_NO_COMMON_BLOCKS = YES;
				GCC_WARN_64_TO_32_BIT_CONVERSION = YES;
				GCC_WARN_ABOUT_RETURN_TYPE = YES_ERROR;
				GCC_WARN_UNDECLARED_SELECTOR = YES;
				GCC_WARN_UNINITIALIZED_AUTOS = YES_AGGRESSIVE;
				GCC_WARN_UNUSED_FUNCTION = YES;
				GCC_WARN_UNUSED_VARIABLE = YES;
				IPHONEOS_DEPLOYMENT_TARGET = 8.3;
				MTL_ENABLE_DEBUG_INFO = NO;
				SDKROOT = iphoneos;
				VALIDATE_PRODUCT = YES;
			};
			name = Release;
		};
		83C824251AF7D2CB00C4E746 /* Debug */ = {
			isa = XCBuildConfiguration;
			buildSettings = {
				ASSETCATALOG_COMPILER_APPICON_NAME = AppIcon;
				INFOPLIST_FILE = BBTestMissingSemicolon/Info.plist;
				LD_RUNPATH_SEARCH_PATHS = "$(inherited) @executable_path/Frameworks";
				PRODUCT_NAME = "$(TARGET_NAME)";
			};
			name = Debug;
		};
		83C824261AF7D2CB00C4E746 /* Release */ = {
			isa = XCBuildConfiguration;
			buildSettings = {
				ASSETCATALOG_COMPILER_APPICON_NAME = AppIcon;
				INFOPLIST_FILE = BBTestMissingSemicolon/Info.plist;
				LD_RUNPATH_SEARCH_PATHS = "$(inherited) @executable_path/Frameworks";
				PRODUCT_NAME = "$(TARGET_NAME)";
			};
			name = Release;
		};
		83C824281AF7D2CB00C4E746 /* Debug */ = {
			isa = XCBuildConfiguration;
			buildSettings = {
				BUNDLE_LOADER = "$(TEST_HOST)";
				FRAMEWORK_SEARCH_PATHS = (
					"$(SDKROOT)/Developer/Library/Frameworks",
					"$(inherited)",
				);
				GCC_PREPROCESSOR_DEFINITIONS = (
					"DEBUG=1",
					"$(inherited)",
				);
				INFOPLIST_FILE = BBTestMissingSemicolonTests/Info.plist;
				LD_RUNPATH_SEARCH_PATHS = "$(inherited) @executable_path/Frameworks @loader_path/Frameworks";
				PRODUCT_NAME = "$(TARGET_NAME)";
				TEST_HOST = "$(BUILT_PRODUCTS_DIR)/BBTestMissingSemicolon.app/BBTestMissingSemicolon";
			};
			name = Debug;
		};
		83C824291AF7D2CB00C4E746 /* Release */ = {
			isa = XCBuildConfiguration;
			buildSettings = {
				BUNDLE_LOADER = "$(TEST_HOST)";
				FRAMEWORK_SEARCH_PATHS = (
					"$(SDKROOT)/Developer/Library/Frameworks",
					"$(inherited)",
				);
				INFOPLIST_FILE = BBTestMissingSemicolonTests/Info.plist;
				LD_RUNPATH_SEARCH_PATHS = "$(inherited) @executable_path/Frameworks @loader_path/Frameworks";
				PRODUCT_NAME = "$(TARGET_NAME)";
				TEST_HOST = "$(BUILT_PRODUCTS_DIR)/BBTestMissingSemicolon.app/BBTestMissingSemicolon";
			};
			name = Release;
		};
/* End XCBuildConfiguration section */

/* Begin XCConfigurationList section */
		83C823FC1AF7D2CB00C4E746 /* Build configuration list for PBXProject "BBTestMissingSemicolon" */ = {
			isa = XCConfigurationList;
			buildConfigurations = (
				83C824221AF7D2CB00C4E746 /* Debug */,
				83C824231AF7D2CB00C4E746 /* Release */,
			);
			defaultConfigurationIsVisible = 0;
			defaultConfigurationName = Release;
		};
		83C824241AF7D2CB00C4E746 /* Build configuration list for PBXNativeTarget "BBTestMissingSemicolon" */ = {
			isa = XCConfigurationList;
			buildConfigurations = (
				83C824251AF7D2CB00C4E746 /* Debug */,
				83C824261AF7D2CB00C4E746 /* Release */,
			);
			defaultConfigurationIsVisible = 0;
		};
		83C824271AF7D2CB00C4E746 /* Build configuration list for PBXNativeTarget "BBTestMissingSemicolonTests" */ = {
			isa = XCConfigurationList;
			buildConfigurations = (
				83C824281AF7D2CB00C4E746 /* Debug */,
				83C824291AF7D2CB00C4E746 /* Release */,
			);
			defaultConfigurationIsVisible = 0;
		};
/* End XCConfigurationList section */
	};
	rootObject = 83C823F91AF7D2CB00C4E746 /* Project object */;
}
